
Microsoft Visual Studio Solution File, Format Version 12.00
# Visual Studio Version 17
VisualStudioVersion = 17.4.33213.308
MinimumVisualStudioVersion = 10.0.40219.1
Project("{FAE04EC0-301F-11D3-BF4B-00C04F79EFBC}") = "messagebox", "messagebox\messagebox.csproj", "{C06912A9-F375-44E2-97E2-6FF58A10D7A1}"
EndProject
Global
	GlobalSection(SolutionConfigurationPlatforms) = preSolution
		Debug|Any CPU = Debug|Any CPU
		Release|Any CPU = Release|Any CPU
	EndGlobalSection
	GlobalSection(ProjectConfigurationPlatforms) = postSolution
		{C06912A9-F375-44E2-97E2-6FF58A10D7A1}.Debug|Any CPU.ActiveCfg = Debug|Any CPU
		{C06912A9-F375-44E2-97E2-6FF58A10D7A1}.Debug|Any CPU.Build.0 = Debug|Any CPU
		{C06912A9-F375-44E2-97E2-6FF58A10D7A1}.Release|Any CPU.ActiveCfg = Release|Any CPU
		{C06912A9-F375-44E2-97E2-6FF58A10D7A1}.Release|Any CPU.Build.0 = Release|Any CPU
	EndGlobalSection
	GlobalSection(SolutionProperties) = preSolution
		HideSolutionNode = FALSE
	EndGlobalSection
	GlobalSection(ExtensibilityGlobals) = postSolution
		SolutionGuid = {5B3B3978-1660-42F6-99D4-F92BE41062D5}
	EndGlobalSection
EndGlobal
