
Microsoft Visual Studio Solution File, Format Version 12.00
# Visual Studio Version 17
VisualStudioVersion = 17.4.33205.214
MinimumVisualStudioVersion = 10.0.40219.1
Project("{FAE04EC0-301F-11D3-BF4B-00C04F79EFBC}") = "sınavicin", "sınavicin\sınavicin.csproj", "{8F8E51BF-3E64-4228-AC8B-1B9E91925080}"
EndProject
Global
	GlobalSection(SolutionConfigurationPlatforms) = preSolution
		Debug|Any CPU = Debug|Any CPU
		Release|Any CPU = Release|Any CPU
	EndGlobalSection
	GlobalSection(ProjectConfigurationPlatforms) = postSolution
		{8F8E51BF-3E64-4228-AC8B-1B9E91925080}.Debug|Any CPU.ActiveCfg = Debug|Any CPU
		{8F8E51BF-3E64-4228-AC8B-1B9E91925080}.Debug|Any CPU.Build.0 = Debug|Any CPU
		{8F8E51BF-3E64-4228-AC8B-1B9E91925080}.Release|Any CPU.ActiveCfg = Release|Any CPU
		{8F8E51BF-3E64-4228-AC8B-1B9E91925080}.Release|Any CPU.Build.0 = Release|Any CPU
	EndGlobalSection
	GlobalSection(SolutionProperties) = preSolution
		HideSolutionNode = FALSE
	EndGlobalSection
	GlobalSection(ExtensibilityGlobals) = postSolution
		SolutionGuid = {F4D7DB70-34C3-4CA3-B6C1-FCD3BC67822D}
	EndGlobalSection
EndGlobal
