
Microsoft Visual Studio Solution File, Format Version 12.00
# Visual Studio Version 17
VisualStudioVersion = 17.3.32901.215
MinimumVisualStudioVersion = 10.0.40219.1
Project("{FAE04EC0-301F-11D3-BF4B-00C04F79EFBC}") = "switch case", "switch case\switch case.csproj", "{84575BFA-D654-4573-9FB5-7E7193A7D6BF}"
EndProject
Global
	GlobalSection(SolutionConfigurationPlatforms) = preSolution
		Debug|Any CPU = Debug|Any CPU
		Release|Any CPU = Release|Any CPU
	EndGlobalSection
	GlobalSection(ProjectConfigurationPlatforms) = postSolution
		{84575BFA-D654-4573-9FB5-7E7193A7D6BF}.Debug|Any CPU.ActiveCfg = Debug|Any CPU
		{84575BFA-D654-4573-9FB5-7E7193A7D6BF}.Debug|Any CPU.Build.0 = Debug|Any CPU
		{84575BFA-D654-4573-9FB5-7E7193A7D6BF}.Release|Any CPU.ActiveCfg = Release|Any CPU
		{84575BFA-D654-4573-9FB5-7E7193A7D6BF}.Release|Any CPU.Build.0 = Release|Any CPU
	EndGlobalSection
	GlobalSection(SolutionProperties) = preSolution
		HideSolutionNode = FALSE
	EndGlobalSection
	GlobalSection(ExtensibilityGlobals) = postSolution
		SolutionGuid = {1463CDB7-7894-4FE8-BDDF-B16B3E4AF4B0}
	EndGlobalSection
EndGlobal
