
Microsoft Visual Studio Solution File, Format Version 12.00
# Visual Studio Version 17
VisualStudioVersion = 17.4.33205.214
MinimumVisualStudioVersion = 10.0.40219.1
Project("{FAE04EC0-301F-11D3-BF4B-00C04F79EFBC}") = "Project1", "Project1\Project1.csproj", "{EC8E48E7-A448-401D-B321-A490539E81B0}"
EndProject
Global
	GlobalSection(SolutionConfigurationPlatforms) = preSolution
		Debug|Any CPU = Debug|Any CPU
		Release|Any CPU = Release|Any CPU
	EndGlobalSection
	GlobalSection(ProjectConfigurationPlatforms) = postSolution
		{EC8E48E7-A448-401D-B321-A490539E81B0}.Debug|Any CPU.ActiveCfg = Debug|Any CPU
		{EC8E48E7-A448-401D-B321-A490539E81B0}.Debug|Any CPU.Build.0 = Debug|Any CPU
		{EC8E48E7-A448-401D-B321-A490539E81B0}.Release|Any CPU.ActiveCfg = Release|Any CPU
		{EC8E48E7-A448-401D-B321-A490539E81B0}.Release|Any CPU.Build.0 = Release|Any CPU
	EndGlobalSection
	GlobalSection(SolutionProperties) = preSolution
		HideSolutionNode = FALSE
	EndGlobalSection
	GlobalSection(ExtensibilityGlobals) = postSolution
		SolutionGuid = {9261322C-E98A-464C-A1E2-70DB70FF252B}
	EndGlobalSection
EndGlobal
