
Microsoft Visual Studio Solution File, Format Version 12.00
# Visual Studio Version 17
VisualStudioVersion = 17.3.32901.215
MinimumVisualStudioVersion = 10.0.40219.1
Project("{FAE04EC0-301F-11D3-BF4B-00C04F79EFBC}") = "26.22", "26.22\26.22.csproj", "{839CC583-C5ED-4A33-99AD-B9DEB2176F4D}"
EndProject
Global
	GlobalSection(SolutionConfigurationPlatforms) = preSolution
		Debug|Any CPU = Debug|Any CPU
		Release|Any CPU = Release|Any CPU
	EndGlobalSection
	GlobalSection(ProjectConfigurationPlatforms) = postSolution
		{839CC583-C5ED-4A33-99AD-B9DEB2176F4D}.Debug|Any CPU.ActiveCfg = Debug|Any CPU
		{839CC583-C5ED-4A33-99AD-B9DEB2176F4D}.Debug|Any CPU.Build.0 = Debug|Any CPU
		{839CC583-C5ED-4A33-99AD-B9DEB2176F4D}.Release|Any CPU.ActiveCfg = Release|Any CPU
		{839CC583-C5ED-4A33-99AD-B9DEB2176F4D}.Release|Any CPU.Build.0 = Release|Any CPU
	EndGlobalSection
	GlobalSection(SolutionProperties) = preSolution
		HideSolutionNode = FALSE
	EndGlobalSection
	GlobalSection(ExtensibilityGlobals) = postSolution
		SolutionGuid = {36E575EC-62DD-4CC3-BC7F-1E0D1553F038}
	EndGlobalSection
EndGlobal
