
Microsoft Visual Studio Solution File, Format Version 12.00
# Visual Studio Version 17
VisualStudioVersion = 17.3.32901.215
MinimumVisualStudioVersion = 10.0.40219.1
Project("{FAE04EC0-301F-11D3-BF4B-00C04F79EFBC}") = "listeyeisimekleme", "listeyeisimekleme\listeyeisimekleme.csproj", "{37174A1B-98D7-453A-9623-AE387207A0C3}"
EndProject
Global
	GlobalSection(SolutionConfigurationPlatforms) = preSolution
		Debug|Any CPU = Debug|Any CPU
		Release|Any CPU = Release|Any CPU
	EndGlobalSection
	GlobalSection(ProjectConfigurationPlatforms) = postSolution
		{37174A1B-98D7-453A-9623-AE387207A0C3}.Debug|Any CPU.ActiveCfg = Debug|Any CPU
		{37174A1B-98D7-453A-9623-AE387207A0C3}.Debug|Any CPU.Build.0 = Debug|Any CPU
		{37174A1B-98D7-453A-9623-AE387207A0C3}.Release|Any CPU.ActiveCfg = Release|Any CPU
		{37174A1B-98D7-453A-9623-AE387207A0C3}.Release|Any CPU.Build.0 = Release|Any CPU
	EndGlobalSection
	GlobalSection(SolutionProperties) = preSolution
		HideSolutionNode = FALSE
	EndGlobalSection
	GlobalSection(ExtensibilityGlobals) = postSolution
		SolutionGuid = {6A1261CF-C001-4374-9BAE-104E9144A059}
	EndGlobalSection
EndGlobal
