
Microsoft Visual Studio Solution File, Format Version 12.00
# Visual Studio Version 17
VisualStudioVersion = 17.3.32901.215
MinimumVisualStudioVersion = 10.0.40219.1
Project("{FAE04EC0-301F-11D3-BF4B-00C04F79EFBC}") = "try4", "try4\try4.csproj", "{BA443AE3-1941-4C1B-8931-1AE99A327303}"
EndProject
Global
	GlobalSection(SolutionConfigurationPlatforms) = preSolution
		Debug|Any CPU = Debug|Any CPU
		Release|Any CPU = Release|Any CPU
	EndGlobalSection
	GlobalSection(ProjectConfigurationPlatforms) = postSolution
		{BA443AE3-1941-4C1B-8931-1AE99A327303}.Debug|Any CPU.ActiveCfg = Debug|Any CPU
		{BA443AE3-1941-4C1B-8931-1AE99A327303}.Debug|Any CPU.Build.0 = Debug|Any CPU
		{BA443AE3-1941-4C1B-8931-1AE99A327303}.Release|Any CPU.ActiveCfg = Release|Any CPU
		{BA443AE3-1941-4C1B-8931-1AE99A327303}.Release|Any CPU.Build.0 = Release|Any CPU
	EndGlobalSection
	GlobalSection(SolutionProperties) = preSolution
		HideSolutionNode = FALSE
	EndGlobalSection
	GlobalSection(ExtensibilityGlobals) = postSolution
		SolutionGuid = {69D9299E-AB6F-43BC-99CD-8B17EBDD6C19}
	EndGlobalSection
EndGlobal
