
Microsoft Visual Studio Solution File, Format Version 12.00
# Visual Studio Version 17
VisualStudioVersion = 17.3.32901.215
MinimumVisualStudioVersion = 10.0.40219.1
Project("{FAE04EC0-301F-11D3-BF4B-00C04F79EFBC}") = "npt giriş", "npt giriş\npt giriş.csproj", "{B02B64CB-C979-474B-8C49-119119DD52F4}"
EndProject
Global
	GlobalSection(SolutionConfigurationPlatforms) = preSolution
		Debug|Any CPU = Debug|Any CPU
		Release|Any CPU = Release|Any CPU
	EndGlobalSection
	GlobalSection(ProjectConfigurationPlatforms) = postSolution
		{B02B64CB-C979-474B-8C49-119119DD52F4}.Debug|Any CPU.ActiveCfg = Debug|Any CPU
		{B02B64CB-C979-474B-8C49-119119DD52F4}.Debug|Any CPU.Build.0 = Debug|Any CPU
		{B02B64CB-C979-474B-8C49-119119DD52F4}.Release|Any CPU.ActiveCfg = Release|Any CPU
		{B02B64CB-C979-474B-8C49-119119DD52F4}.Release|Any CPU.Build.0 = Release|Any CPU
	EndGlobalSection
	GlobalSection(SolutionProperties) = preSolution
		HideSolutionNode = FALSE
	EndGlobalSection
	GlobalSection(ExtensibilityGlobals) = postSolution
		SolutionGuid = {AEC6B23E-1460-4961-B65E-4E76F1859CA0}
	EndGlobalSection
EndGlobal
