
Microsoft Visual Studio Solution File, Format Version 12.00
# Visual Studio Version 17
VisualStudioVersion = 17.3.32901.215
MinimumVisualStudioVersion = 10.0.40219.1
Project("{FAE04EC0-301F-11D3-BF4B-00C04F79EFBC}") = "trofgv", "trofgv\trofgv.csproj", "{FA3050EE-F896-40CB-8B89-892A81A093B8}"
EndProject
Global
	GlobalSection(SolutionConfigurationPlatforms) = preSolution
		Debug|Any CPU = Debug|Any CPU
		Release|Any CPU = Release|Any CPU
	EndGlobalSection
	GlobalSection(ProjectConfigurationPlatforms) = postSolution
		{FA3050EE-F896-40CB-8B89-892A81A093B8}.Debug|Any CPU.ActiveCfg = Debug|Any CPU
		{FA3050EE-F896-40CB-8B89-892A81A093B8}.Debug|Any CPU.Build.0 = Debug|Any CPU
		{FA3050EE-F896-40CB-8B89-892A81A093B8}.Release|Any CPU.ActiveCfg = Release|Any CPU
		{FA3050EE-F896-40CB-8B89-892A81A093B8}.Release|Any CPU.Build.0 = Release|Any CPU
	EndGlobalSection
	GlobalSection(SolutionProperties) = preSolution
		HideSolutionNode = FALSE
	EndGlobalSection
	GlobalSection(ExtensibilityGlobals) = postSolution
		SolutionGuid = {E3E66BAF-6702-4E5D-8BC4-242492AAB69E}
	EndGlobalSection
EndGlobal
