
Microsoft Visual Studio Solution File, Format Version 12.00
# Visual Studio Version 17
VisualStudioVersion = 17.5.33530.505
MinimumVisualStudioVersion = 10.0.40219.1
Project("{FAE04EC0-301F-11D3-BF4B-00C04F79EFBC}") = "frame try", "frame try\frame try.csproj", "{901E83D9-AD43-449A-B528-A8C72EA1769E}"
EndProject
Global
	GlobalSection(SolutionConfigurationPlatforms) = preSolution
		Debug|Any CPU = Debug|Any CPU
		Release|Any CPU = Release|Any CPU
	EndGlobalSection
	GlobalSection(ProjectConfigurationPlatforms) = postSolution
		{901E83D9-AD43-449A-B528-A8C72EA1769E}.Debug|Any CPU.ActiveCfg = Debug|Any CPU
		{901E83D9-AD43-449A-B528-A8C72EA1769E}.Debug|Any CPU.Build.0 = Debug|Any CPU
		{901E83D9-AD43-449A-B528-A8C72EA1769E}.Release|Any CPU.ActiveCfg = Release|Any CPU
		{901E83D9-AD43-449A-B528-A8C72EA1769E}.Release|Any CPU.Build.0 = Release|Any CPU
	EndGlobalSection
	GlobalSection(SolutionProperties) = preSolution
		HideSolutionNode = FALSE
	EndGlobalSection
	GlobalSection(ExtensibilityGlobals) = postSolution
		SolutionGuid = {0B08BF8A-BA9F-48A4-A7CE-56A7B3A6050C}
	EndGlobalSection
EndGlobal
