
Microsoft Visual Studio Solution File, Format Version 12.00
# Visual Studio Version 17
VisualStudioVersion = 17.3.32901.215
MinimumVisualStudioVersion = 10.0.40219.1
Project("{FAE04EC0-301F-11D3-BF4B-00C04F79EFBC}") = "girlen sayı carpım", "girlen sayı carpım\girlen sayı carpım.csproj", "{10C2F1AA-DC41-444C-B0E7-B3F8E8509DBF}"
EndProject
Global
	GlobalSection(SolutionConfigurationPlatforms) = preSolution
		Debug|Any CPU = Debug|Any CPU
		Release|Any CPU = Release|Any CPU
	EndGlobalSection
	GlobalSection(ProjectConfigurationPlatforms) = postSolution
		{10C2F1AA-DC41-444C-B0E7-B3F8E8509DBF}.Debug|Any CPU.ActiveCfg = Debug|Any CPU
		{10C2F1AA-DC41-444C-B0E7-B3F8E8509DBF}.Debug|Any CPU.Build.0 = Debug|Any CPU
		{10C2F1AA-DC41-444C-B0E7-B3F8E8509DBF}.Release|Any CPU.ActiveCfg = Release|Any CPU
		{10C2F1AA-DC41-444C-B0E7-B3F8E8509DBF}.Release|Any CPU.Build.0 = Release|Any CPU
	EndGlobalSection
	GlobalSection(SolutionProperties) = preSolution
		HideSolutionNode = FALSE
	EndGlobalSection
	GlobalSection(ExtensibilityGlobals) = postSolution
		SolutionGuid = {3AB80A11-F53C-4CCA-A1E0-ACFF1BF020F5}
	EndGlobalSection
EndGlobal
