
Microsoft Visual Studio Solution File, Format Version 12.00
# Visual Studio Version 17
VisualStudioVersion = 17.4.33213.308
MinimumVisualStudioVersion = 10.0.40219.1
Project("{FAE04EC0-301F-11D3-BF4B-00C04F79EFBC}") = "picturebox kayan", "picturebox kayan\picturebox kayan.csproj", "{E965A92D-5A64-4DCB-BFFB-384338E13176}"
EndProject
Global
	GlobalSection(SolutionConfigurationPlatforms) = preSolution
		Debug|Any CPU = Debug|Any CPU
		Release|Any CPU = Release|Any CPU
	EndGlobalSection
	GlobalSection(ProjectConfigurationPlatforms) = postSolution
		{E965A92D-5A64-4DCB-BFFB-384338E13176}.Debug|Any CPU.ActiveCfg = Debug|Any CPU
		{E965A92D-5A64-4DCB-BFFB-384338E13176}.Debug|Any CPU.Build.0 = Debug|Any CPU
		{E965A92D-5A64-4DCB-BFFB-384338E13176}.Release|Any CPU.ActiveCfg = Release|Any CPU
		{E965A92D-5A64-4DCB-BFFB-384338E13176}.Release|Any CPU.Build.0 = Release|Any CPU
	EndGlobalSection
	GlobalSection(SolutionProperties) = preSolution
		HideSolutionNode = FALSE
	EndGlobalSection
	GlobalSection(ExtensibilityGlobals) = postSolution
		SolutionGuid = {E41916B8-61CA-416A-B3BA-0F972E12330D}
	EndGlobalSection
EndGlobal
