
Microsoft Visual Studio Solution File, Format Version 12.00
# Visual Studio Version 17
VisualStudioVersion = 17.3.32901.215
MinimumVisualStudioVersion = 10.0.40219.1
Project("{FAE04EC0-301F-11D3-BF4B-00C04F79EFBC}") = "while", "while\while.csproj", "{FAC1912A-CD89-4A55-B056-E525473D833D}"
EndProject
Global
	GlobalSection(SolutionConfigurationPlatforms) = preSolution
		Debug|Any CPU = Debug|Any CPU
		Release|Any CPU = Release|Any CPU
	EndGlobalSection
	GlobalSection(ProjectConfigurationPlatforms) = postSolution
		{FAC1912A-CD89-4A55-B056-E525473D833D}.Debug|Any CPU.ActiveCfg = Debug|Any CPU
		{FAC1912A-CD89-4A55-B056-E525473D833D}.Debug|Any CPU.Build.0 = Debug|Any CPU
		{FAC1912A-CD89-4A55-B056-E525473D833D}.Release|Any CPU.ActiveCfg = Release|Any CPU
		{FAC1912A-CD89-4A55-B056-E525473D833D}.Release|Any CPU.Build.0 = Release|Any CPU
	EndGlobalSection
	GlobalSection(SolutionProperties) = preSolution
		HideSolutionNode = FALSE
	EndGlobalSection
	GlobalSection(ExtensibilityGlobals) = postSolution
		SolutionGuid = {37F83D2C-C457-490F-8281-766163A83B30}
	EndGlobalSection
EndGlobal
