
Microsoft Visual Studio Solution File, Format Version 12.00
# Visual Studio Version 17
VisualStudioVersion = 17.4.33213.308
MinimumVisualStudioVersion = 10.0.40219.1
Project("{FAE04EC0-301F-11D3-BF4B-00C04F79EFBC}") = "giriş", "giriş\giriş.csproj", "{1D77DC81-BCA4-49BC-8BCC-4AF770A72D7E}"
EndProject
Global
	GlobalSection(SolutionConfigurationPlatforms) = preSolution
		Debug|Any CPU = Debug|Any CPU
		Release|Any CPU = Release|Any CPU
	EndGlobalSection
	GlobalSection(ProjectConfigurationPlatforms) = postSolution
		{1D77DC81-BCA4-49BC-8BCC-4AF770A72D7E}.Debug|Any CPU.ActiveCfg = Debug|Any CPU
		{1D77DC81-BCA4-49BC-8BCC-4AF770A72D7E}.Debug|Any CPU.Build.0 = Debug|Any CPU
		{1D77DC81-BCA4-49BC-8BCC-4AF770A72D7E}.Release|Any CPU.ActiveCfg = Release|Any CPU
		{1D77DC81-BCA4-49BC-8BCC-4AF770A72D7E}.Release|Any CPU.Build.0 = Release|Any CPU
	EndGlobalSection
	GlobalSection(SolutionProperties) = preSolution
		HideSolutionNode = FALSE
	EndGlobalSection
	GlobalSection(ExtensibilityGlobals) = postSolution
		SolutionGuid = {F8399C67-7D49-4138-A52C-808117A3879D}
	EndGlobalSection
EndGlobal
