
Microsoft Visual Studio Solution File, Format Version 12.00
# Visual Studio Version 17
VisualStudioVersion = 17.3.32901.215
MinimumVisualStudioVersion = 10.0.40219.1
Project("{FAE04EC0-301F-11D3-BF4B-00C04F79EFBC}") = "WindowsFormsApp1", "WindowsFormsApp1\WindowsFormsApp1.csproj", "{1A1553D1-B7C4-45EA-914C-C103B273EB08}"
EndProject
Global
	GlobalSection(SolutionConfigurationPlatforms) = preSolution
		Debug|Any CPU = Debug|Any CPU
		Release|Any CPU = Release|Any CPU
	EndGlobalSection
	GlobalSection(ProjectConfigurationPlatforms) = postSolution
		{1A1553D1-B7C4-45EA-914C-C103B273EB08}.Debug|Any CPU.ActiveCfg = Debug|Any CPU
		{1A1553D1-B7C4-45EA-914C-C103B273EB08}.Debug|Any CPU.Build.0 = Debug|Any CPU
		{1A1553D1-B7C4-45EA-914C-C103B273EB08}.Release|Any CPU.ActiveCfg = Release|Any CPU
		{1A1553D1-B7C4-45EA-914C-C103B273EB08}.Release|Any CPU.Build.0 = Release|Any CPU
	EndGlobalSection
	GlobalSection(SolutionProperties) = preSolution
		HideSolutionNode = FALSE
	EndGlobalSection
	GlobalSection(ExtensibilityGlobals) = postSolution
		SolutionGuid = {F7183699-242C-40B3-9CF6-8074033E222F}
	EndGlobalSection
EndGlobal
