
Microsoft Visual Studio Solution File, Format Version 12.00
# Visual Studio Version 17
VisualStudioVersion = 17.3.32901.215
MinimumVisualStudioVersion = 10.0.40219.1
Project("{FAE04EC0-301F-11D3-BF4B-00C04F79EFBC}") = "sınava calısma 1", "sınava calısma 1\sınava calısma 1.csproj", "{14A3EB00-4291-4EC0-B920-B62956162259}"
EndProject
Global
	GlobalSection(SolutionConfigurationPlatforms) = preSolution
		Debug|Any CPU = Debug|Any CPU
		Release|Any CPU = Release|Any CPU
	EndGlobalSection
	GlobalSection(ProjectConfigurationPlatforms) = postSolution
		{14A3EB00-4291-4EC0-B920-B62956162259}.Debug|Any CPU.ActiveCfg = Debug|Any CPU
		{14A3EB00-4291-4EC0-B920-B62956162259}.Debug|Any CPU.Build.0 = Debug|Any CPU
		{14A3EB00-4291-4EC0-B920-B62956162259}.Release|Any CPU.ActiveCfg = Release|Any CPU
		{14A3EB00-4291-4EC0-B920-B62956162259}.Release|Any CPU.Build.0 = Release|Any CPU
	EndGlobalSection
	GlobalSection(SolutionProperties) = preSolution
		HideSolutionNode = FALSE
	EndGlobalSection
	GlobalSection(ExtensibilityGlobals) = postSolution
		SolutionGuid = {00C2A3BD-2B73-47AA-8098-6C057099200B}
	EndGlobalSection
EndGlobal
