
Microsoft Visual Studio Solution File, Format Version 12.00
# Visual Studio Version 17
VisualStudioVersion = 17.5.33530.505
MinimumVisualStudioVersion = 10.0.40219.1
Project("{FAE04EC0-301F-11D3-BF4B-00C04F79EFBC}") = "sql 1", "sql 1\sql 1.csproj", "{BCB111C7-E0D8-4A2A-A5F1-BB5C02E3B4EF}"
EndProject
Global
	GlobalSection(SolutionConfigurationPlatforms) = preSolution
		Debug|Any CPU = Debug|Any CPU
		Release|Any CPU = Release|Any CPU
	EndGlobalSection
	GlobalSection(ProjectConfigurationPlatforms) = postSolution
		{BCB111C7-E0D8-4A2A-A5F1-BB5C02E3B4EF}.Debug|Any CPU.ActiveCfg = Debug|Any CPU
		{BCB111C7-E0D8-4A2A-A5F1-BB5C02E3B4EF}.Debug|Any CPU.Build.0 = Debug|Any CPU
		{BCB111C7-E0D8-4A2A-A5F1-BB5C02E3B4EF}.Release|Any CPU.ActiveCfg = Release|Any CPU
		{BCB111C7-E0D8-4A2A-A5F1-BB5C02E3B4EF}.Release|Any CPU.Build.0 = Release|Any CPU
	EndGlobalSection
	GlobalSection(SolutionProperties) = preSolution
		HideSolutionNode = FALSE
	EndGlobalSection
	GlobalSection(ExtensibilityGlobals) = postSolution
		SolutionGuid = {E788D2BA-1095-4293-B1FD-F17399424AAC}
	EndGlobalSection
EndGlobal
