
Microsoft Visual Studio Solution File, Format Version 12.00
# Visual Studio Version 17
VisualStudioVersion = 17.4.33213.308
MinimumVisualStudioVersion = 10.0.40219.1
Project("{FAE04EC0-301F-11D3-BF4B-00C04F79EFBC}") = "imleckitleme", "imleckitleme\imleckitleme.csproj", "{8F8109E2-51E6-482D-9247-65A9A1258B7D}"
EndProject
Global
	GlobalSection(SolutionConfigurationPlatforms) = preSolution
		Debug|Any CPU = Debug|Any CPU
		Release|Any CPU = Release|Any CPU
	EndGlobalSection
	GlobalSection(ProjectConfigurationPlatforms) = postSolution
		{8F8109E2-51E6-482D-9247-65A9A1258B7D}.Debug|Any CPU.ActiveCfg = Debug|Any CPU
		{8F8109E2-51E6-482D-9247-65A9A1258B7D}.Debug|Any CPU.Build.0 = Debug|Any CPU
		{8F8109E2-51E6-482D-9247-65A9A1258B7D}.Release|Any CPU.ActiveCfg = Release|Any CPU
		{8F8109E2-51E6-482D-9247-65A9A1258B7D}.Release|Any CPU.Build.0 = Release|Any CPU
	EndGlobalSection
	GlobalSection(SolutionProperties) = preSolution
		HideSolutionNode = FALSE
	EndGlobalSection
	GlobalSection(ExtensibilityGlobals) = postSolution
		SolutionGuid = {A11683F4-4826-4DA0-8AEB-0FE5D9B611E8}
	EndGlobalSection
EndGlobal
